
Microsoft Visual Studio Solution File, Format Version 12.00
# Visual Studio Version 16
VisualStudioVersion = 16.0.29709.97
MinimumVisualStudioVersion = 10.0.40219.1
Project("{9A19103F-16F7-4668-BE54-9A1E7A4F7556}") = "BlazingPizza.Server", "BlazingPizza\Server\BlazingPizza.Server.csproj", "{5A4B9EE0-0812-4A2C-A2A9-4BFCBF048E83}"
EndProject
Project("{9A19103F-16F7-4668-BE54-9A1E7A4F7556}") = "BlazingPizza.Client", "BlazingPizza\Client\BlazingPizza.Client.csproj", "{4D2737FB-34CD-49AC-871A-9CA44935E1FF}"
EndProject
Project("{9A19103F-16F7-4668-BE54-9A1E7A4F7556}") = "BlazingPizza.Shared", "BlazingPizza\Shared\BlazingPizza.Shared.csproj", "{BD602DF4-EFDE-4183-BA3F-F78A420AB67E}"
EndProject
Project("{FAE04EC0-301F-11D3-BF4B-00C04F79EFBC}") = "BlazingPizza.ComponentsLibrary", "BlazingPizza.ComponentsLibrary\BlazingPizza.ComponentsLibrary.csproj", "{0042713A-71E0-4B8A-8488-A5D6708ABCB5}"
EndProject
Global
	GlobalSection(SolutionConfigurationPlatforms) = preSolution
		Debug|Any CPU = Debug|Any CPU
		Release|Any CPU = Release|Any CPU
	EndGlobalSection
	GlobalSection(ProjectConfigurationPlatforms) = postSolution
		{5A4B9EE0-0812-4A2C-A2A9-4BFCBF048E83}.Debug|Any CPU.ActiveCfg = Debug|Any CPU
		{5A4B9EE0-0812-4A2C-A2A9-4BFCBF048E83}.Debug|Any CPU.Build.0 = Debug|Any CPU
		{5A4B9EE0-0812-4A2C-A2A9-4BFCBF048E83}.Release|Any CPU.ActiveCfg = Release|Any CPU
		{5A4B9EE0-0812-4A2C-A2A9-4BFCBF048E83}.Release|Any CPU.Build.0 = Release|Any CPU
		{4D2737FB-34CD-49AC-871A-9CA44935E1FF}.Debug|Any CPU.ActiveCfg = Debug|Any CPU
		{4D2737FB-34CD-49AC-871A-9CA44935E1FF}.Debug|Any CPU.Build.0 = Debug|Any CPU
		{4D2737FB-34CD-49AC-871A-9CA44935E1FF}.Release|Any CPU.ActiveCfg = Release|Any CPU
		{4D2737FB-34CD-49AC-871A-9CA44935E1FF}.Release|Any CPU.Build.0 = Release|Any CPU
		{BD602DF4-EFDE-4183-BA3F-F78A420AB67E}.Debug|Any CPU.ActiveCfg = Debug|Any CPU
		{BD602DF4-EFDE-4183-BA3F-F78A420AB67E}.Debug|Any CPU.Build.0 = Debug|Any CPU
		{BD602DF4-EFDE-4183-BA3F-F78A420AB67E}.Release|Any CPU.ActiveCfg = Release|Any CPU
		{BD602DF4-EFDE-4183-BA3F-F78A420AB67E}.Release|Any CPU.Build.0 = Release|Any CPU
		{0042713A-71E0-4B8A-8488-A5D6708ABCB5}.Debug|Any CPU.ActiveCfg = Debug|Any CPU
		{0042713A-71E0-4B8A-8488-A5D6708ABCB5}.Debug|Any CPU.Build.0 = Debug|Any CPU
		{0042713A-71E0-4B8A-8488-A5D6708ABCB5}.Release|Any CPU.ActiveCfg = Release|Any CPU
		{0042713A-71E0-4B8A-8488-A5D6708ABCB5}.Release|Any CPU.Build.0 = Release|Any CPU
	EndGlobalSection
	GlobalSection(SolutionProperties) = preSolution
		HideSolutionNode = FALSE
	EndGlobalSection
	GlobalSection(ExtensibilityGlobals) = postSolution
		SolutionGuid = {0702730E-0586-4967-BF45-667431ECBBB7}
	EndGlobalSection
EndGlobal
